// !$*UTF8*$!
{
	archiveVersion = 1;
	classes = {
	};
	objectVersion = 48;
	objects = {

/* Begin PBXBuildFile section */
		7705E78A20E74E940045886F /* MultipleLocationResponse.json in Resources */ = {isa = PBXBuildFile; fileRef = 7705E78920E74E940045886F /* MultipleLocationResponse.json */; };
		7705E78C20E7529B0045886F /* GoogleApiService.swift in Sources */ = {isa = PBXBuildFile; fileRef = 7705E78B20E7529A0045886F /* GoogleApiService.swift */; };
		771AA5E720EC9795002DE527 /* LocationFinder.xcdatamodeld in Sources */ = {isa = PBXBuildFile; fileRef = 771AA5E520EC9795002DE527 /* LocationFinder.xcdatamodeld */; };
		771AA5ED20ECA319002DE527 /* CoreDataStack.swift in Sources */ = {isa = PBXBuildFile; fileRef = 771AA5EC20ECA319002DE527 /* CoreDataStack.swift */; };
		771AA5F020ECAFFE002DE527 /* LocationCoreDataModel+CoreDataClass.swift in Sources */ = {isa = PBXBuildFile; fileRef = 771AA5EE20ECAFFE002DE527 /* LocationCoreDataModel+CoreDataClass.swift */; };
		771AA5F120ECAFFE002DE527 /* LocationCoreDataModel+CoreDataProperties.swift in Sources */ = {isa = PBXBuildFile; fileRef = 771AA5EF20ECAFFE002DE527 /* LocationCoreDataModel+CoreDataProperties.swift */; };
		772D7EB220ED2B74002C40E1 /* ObservableType+UIBarButton.swift in Sources */ = {isa = PBXBuildFile; fileRef = 772D7EB120ED2B74002C40E1 /* ObservableType+UIBarButton.swift */; };
		772D7EB420ED3364002C40E1 /* Location.swift in Sources */ = {isa = PBXBuildFile; fileRef = 772D7EB320ED3364002C40E1 /* Location.swift */; };
		772D7EB620ED34F1002C40E1 /* Observable+JSONAble.swift in Sources */ = {isa = PBXBuildFile; fileRef = 772D7EB520ED34F1002C40E1 /* Observable+JSONAble.swift */; };
		772D7EBB20EDBD7B002C40E1 /* LocationsListViewModelTests.swift in Sources */ = {isa = PBXBuildFile; fileRef = 772D7EBA20EDBD7B002C40E1 /* LocationsListViewModelTests.swift */; };
		774C65BB20E5E59D00DA4CF9 /* AppDelegate.swift in Sources */ = {isa = PBXBuildFile; fileRef = 774C65BA20E5E59D00DA4CF9 /* AppDelegate.swift */; };
		774C65C020E5E59D00DA4CF9 /* Main.storyboard in Resources */ = {isa = PBXBuildFile; fileRef = 774C65BE20E5E59D00DA4CF9 /* Main.storyboard */; };
		774C65C220E5E59D00DA4CF9 /* Assets.xcassets in Resources */ = {isa = PBXBuildFile; fileRef = 774C65C120E5E59D00DA4CF9 /* Assets.xcassets */; };
		774C65C520E5E59D00DA4CF9 /* LaunchScreen.storyboard in Resources */ = {isa = PBXBuildFile; fileRef = 774C65C320E5E59D00DA4CF9 /* LaunchScreen.storyboard */; };
		774C65D020E5E59D00DA4CF9 /* LocationFinderTests.swift in Sources */ = {isa = PBXBuildFile; fileRef = 774C65CF20E5E59D00DA4CF9 /* LocationFinderTests.swift */; };
		774C65DD20E5E84900DA4CF9 /* LocationsListViewController.swift in Sources */ = {isa = PBXBuildFile; fileRef = 774C65DC20E5E84900DA4CF9 /* LocationsListViewController.swift */; };
		774C65EC20E5EFED00DA4CF9 /* Scene.swift in Sources */ = {isa = PBXBuildFile; fileRef = 774C65EB20E5EFED00DA4CF9 /* Scene.swift */; };
		774C65EE20E5F00700DA4CF9 /* SceneCoordinatorType.swift in Sources */ = {isa = PBXBuildFile; fileRef = 774C65ED20E5F00700DA4CF9 /* SceneCoordinatorType.swift */; };
		774C65F020E5F02000DA4CF9 /* SceneCoordinator.swift in Sources */ = {isa = PBXBuildFile; fileRef = 774C65EF20E5F02000DA4CF9 /* SceneCoordinator.swift */; };
		774C65F220E5F03600DA4CF9 /* SceneTransitionType.swift in Sources */ = {isa = PBXBuildFile; fileRef = 774C65F120E5F03600DA4CF9 /* SceneTransitionType.swift */; };
		774C65F420E5F0B200DA4CF9 /* Scene+ViewController.swift in Sources */ = {isa = PBXBuildFile; fileRef = 774C65F320E5F0B200DA4CF9 /* Scene+ViewController.swift */; };
		774C65F620E5F0CD00DA4CF9 /* BindableType.swift in Sources */ = {isa = PBXBuildFile; fileRef = 774C65F520E5F0CD00DA4CF9 /* BindableType.swift */; };
		774C65F820E5F11200DA4CF9 /* LocationsListViewModel.swift in Sources */ = {isa = PBXBuildFile; fileRef = 774C65F720E5F11200DA4CF9 /* LocationsListViewModel.swift */; };
		7767699720EDDB32009D4108 /* SingleLocationResponse.json in Resources */ = {isa = PBXBuildFile; fileRef = 7767699620EDDB32009D4108 /* SingleLocationResponse.json */; };
		7767699B20EDE5B9009D4108 /* EmptyResponse.json in Resources */ = {isa = PBXBuildFile; fileRef = 7767699A20EDE5B9009D4108 /* EmptyResponse.json */; };
		7767699D20EDE995009D4108 /* MapViewModelTests.swift in Sources */ = {isa = PBXBuildFile; fileRef = 7767699C20EDE995009D4108 /* MapViewModelTests.swift */; };
		7767699F20EDF481009D4108 /* ResultModelTests.swift in Sources */ = {isa = PBXBuildFile; fileRef = 7767699E20EDF481009D4108 /* ResultModelTests.swift */; };
		776769A320EDF813009D4108 /* InvalidResponse.json in Resources */ = {isa = PBXBuildFile; fileRef = 776769A220EDF813009D4108 /* InvalidResponse.json */; };
		776769A520EDF978009D4108 /* InvalidStatusResponse.json in Resources */ = {isa = PBXBuildFile; fileRef = 776769A420EDF978009D4108 /* InvalidStatusResponse.json */; };
		776769A720EDFA25009D4108 /* LocationModelTests.swift in Sources */ = {isa = PBXBuildFile; fileRef = 776769A620EDFA25009D4108 /* LocationModelTests.swift */; };
		776769AB20EDFA70009D4108 /* LocationResponse.json in Resources */ = {isa = PBXBuildFile; fileRef = 776769AA20EDFA70009D4108 /* LocationResponse.json */; };
		776769AD20EDFBF8009D4108 /* InvalidLocationResponse.json in Resources */ = {isa = PBXBuildFile; fileRef = 776769AC20EDFBF8009D4108 /* InvalidLocationResponse.json */; };
		7786301320EB423F008953EE /* MessageView.swift in Sources */ = {isa = PBXBuildFile; fileRef = 7786301220EB423F008953EE /* MessageView.swift */; };
		778FABC720E95667006BBF3F /* MapViewModel.swift in Sources */ = {isa = PBXBuildFile; fileRef = 778FABC620E95667006BBF3F /* MapViewModel.swift */; };
		778FABC920E95689006BBF3F /* MapViewController.swift in Sources */ = {isa = PBXBuildFile; fileRef = 778FABC820E95689006BBF3F /* MapViewController.swift */; };
		7799745A20E89B8F001F2E45 /* MultipleSectionModel.swift in Sources */ = {isa = PBXBuildFile; fileRef = 7799745920E89B8F001F2E45 /* MultipleSectionModel.swift */; };
		B87E0FB82B06ECA18C1C6466 /* Pods_LocationFinder.framework in Frameworks */ = {isa = PBXBuildFile; fileRef = 093DD2D633F0615D9421488C /* Pods_LocationFinder.framework */; };
		EEA55E74114DAF7EBA6AFCE5 /* Pods_LocationFinderTests.framework in Frameworks */ = {isa = PBXBuildFile; fileRef = 7D9E9799BF8E3AB4E4815371 /* Pods_LocationFinderTests.framework */; };
/* End PBXBuildFile section */

/* Begin PBXContainerItemProxy section */
		774C65CC20E5E59D00DA4CF9 /* PBXContainerItemProxy */ = {
			isa = PBXContainerItemProxy;
			containerPortal = 774C65AF20E5E59C00DA4CF9 /* Project object */;
			proxyType = 1;
			remoteGlobalIDString = 774C65B620E5E59C00DA4CF9;
			remoteInfo = LocationFinder;
		};
/* End PBXContainerItemProxy section */

/* Begin PBXFileReference section */
		00A4B7C416778B9D867C4B0A /* Pods-LocationFinder.debug.xcconfig */ = {isa = PBXFileReference; includeInIndex = 1; lastKnownFileType = text.xcconfig; name = "Pods-LocationFinder.debug.xcconfig"; path = "Pods/Target Support Files/Pods-LocationFinder/Pods-LocationFinder.debug.xcconfig"; sourceTree = "<group>"; };
		093DD2D633F0615D9421488C /* Pods_LocationFinder.framework */ = {isa = PBXFileReference; explicitFileType = wrapper.framework; includeInIndex = 0; path = Pods_LocationFinder.framework; sourceTree = BUILT_PRODUCTS_DIR; };
		3058D2AB0F0865C919DD2681 /* Pods-LocationFinder.release.xcconfig */ = {isa = PBXFileReference; includeInIndex = 1; lastKnownFileType = text.xcconfig; name = "Pods-LocationFinder.release.xcconfig"; path = "Pods/Target Support Files/Pods-LocationFinder/Pods-LocationFinder.release.xcconfig"; sourceTree = "<group>"; };
		3FC2C6456E76D58309E406D4 /* Pods-LocationFinderTests.release.xcconfig */ = {isa = PBXFileReference; includeInIndex = 1; lastKnownFileType = text.xcconfig; name = "Pods-LocationFinderTests.release.xcconfig"; path = "Pods/Target Support Files/Pods-LocationFinderTests/Pods-LocationFinderTests.release.xcconfig"; sourceTree = "<group>"; };
		7705E78920E74E940045886F /* MultipleLocationResponse.json */ = {isa = PBXFileReference; lastKnownFileType = text.json; path = MultipleLocationResponse.json; sourceTree = "<group>"; };
		7705E78B20E7529A0045886F /* GoogleApiService.swift */ = {isa = PBXFileReference; fileEncoding = 4; lastKnownFileType = sourcecode.swift; path = GoogleApiService.swift; sourceTree = "<group>"; };
		771AA5E620EC9795002DE527 /* LocationFinder.xcdatamodel */ = {isa = PBXFileReference; lastKnownFileType = wrapper.xcdatamodel; path = LocationFinder.xcdatamodel; sourceTree = "<group>"; };
		771AA5EC20ECA319002DE527 /* CoreDataStack.swift */ = {isa = PBXFileReference; fileEncoding = 4; lastKnownFileType = sourcecode.swift; path = CoreDataStack.swift; sourceTree = "<group>"; };
		771AA5EE20ECAFFE002DE527 /* LocationCoreDataModel+CoreDataClass.swift */ = {isa = PBXFileReference; lastKnownFileType = sourcecode.swift; path = "LocationCoreDataModel+CoreDataClass.swift"; sourceTree = "<group>"; };
		771AA5EF20ECAFFE002DE527 /* LocationCoreDataModel+CoreDataProperties.swift */ = {isa = PBXFileReference; lastKnownFileType = sourcecode.swift; path = "LocationCoreDataModel+CoreDataProperties.swift"; sourceTree = "<group>"; };
		772D7EB120ED2B74002C40E1 /* ObservableType+UIBarButton.swift */ = {isa = PBXFileReference; lastKnownFileType = sourcecode.swift; path = "ObservableType+UIBarButton.swift"; sourceTree = "<group>"; };
		772D7EB320ED3364002C40E1 /* Location.swift */ = {isa = PBXFileReference; lastKnownFileType = sourcecode.swift; path = Location.swift; sourceTree = "<group>"; };
		772D7EB520ED34F1002C40E1 /* Observable+JSONAble.swift */ = {isa = PBXFileReference; lastKnownFileType = sourcecode.swift; path = "Observable+JSONAble.swift"; sourceTree = "<group>"; };
		772D7EBA20EDBD7B002C40E1 /* LocationsListViewModelTests.swift */ = {isa = PBXFileReference; lastKnownFileType = sourcecode.swift; path = LocationsListViewModelTests.swift; sourceTree = "<group>"; };
		774C65B720E5E59C00DA4CF9 /* LocationFinder.app */ = {isa = PBXFileReference; explicitFileType = wrapper.application; includeInIndex = 0; path = LocationFinder.app; sourceTree = BUILT_PRODUCTS_DIR; };
		774C65BA20E5E59D00DA4CF9 /* AppDelegate.swift */ = {isa = PBXFileReference; lastKnownFileType = sourcecode.swift; path = AppDelegate.swift; sourceTree = "<group>"; };
		774C65BF20E5E59D00DA4CF9 /* Base */ = {isa = PBXFileReference; lastKnownFileType = file.storyboard; name = Base; path = Base.lproj/Main.storyboard; sourceTree = "<group>"; };
		774C65C120E5E59D00DA4CF9 /* Assets.xcassets */ = {isa = PBXFileReference; lastKnownFileType = folder.assetcatalog; path = Assets.xcassets; sourceTree = "<group>"; };
		774C65C420E5E59D00DA4CF9 /* Base */ = {isa = PBXFileReference; lastKnownFileType = file.storyboard; name = Base; path = Base.lproj/LaunchScreen.storyboard; sourceTree = "<group>"; };
		774C65C620E5E59D00DA4CF9 /* Info.plist */ = {isa = PBXFileReference; lastKnownFileType = text.plist.xml; path = Info.plist; sourceTree = "<group>"; };
		774C65CB20E5E59D00DA4CF9 /* LocationFinderTests.xctest */ = {isa = PBXFileReference; explicitFileType = wrapper.cfbundle; includeInIndex = 0; path = LocationFinderTests.xctest; sourceTree = BUILT_PRODUCTS_DIR; };
		774C65CF20E5E59D00DA4CF9 /* LocationFinderTests.swift */ = {isa = PBXFileReference; lastKnownFileType = sourcecode.swift; path = LocationFinderTests.swift; sourceTree = "<group>"; };
		774C65D120E5E59D00DA4CF9 /* Info.plist */ = {isa = PBXFileReference; lastKnownFileType = text.plist.xml; path = Info.plist; sourceTree = "<group>"; };
		774C65DC20E5E84900DA4CF9 /* LocationsListViewController.swift */ = {isa = PBXFileReference; lastKnownFileType = sourcecode.swift; path = LocationsListViewController.swift; sourceTree = "<group>"; };
		774C65EB20E5EFED00DA4CF9 /* Scene.swift */ = {isa = PBXFileReference; lastKnownFileType = sourcecode.swift; path = Scene.swift; sourceTree = "<group>"; };
		774C65ED20E5F00700DA4CF9 /* SceneCoordinatorType.swift */ = {isa = PBXFileReference; lastKnownFileType = sourcecode.swift; path = SceneCoordinatorType.swift; sourceTree = "<group>"; };
		774C65EF20E5F02000DA4CF9 /* SceneCoordinator.swift */ = {isa = PBXFileReference; lastKnownFileType = sourcecode.swift; path = SceneCoordinator.swift; sourceTree = "<group>"; };
		774C65F120E5F03600DA4CF9 /* SceneTransitionType.swift */ = {isa = PBXFileReference; lastKnownFileType = sourcecode.swift; path = SceneTransitionType.swift; sourceTree = "<group>"; };
		774C65F320E5F0B200DA4CF9 /* Scene+ViewController.swift */ = {isa = PBXFileReference; lastKnownFileType = sourcecode.swift; path = "Scene+ViewController.swift"; sourceTree = "<group>"; };
		774C65F520E5F0CD00DA4CF9 /* BindableType.swift */ = {isa = PBXFileReference; lastKnownFileType = sourcecode.swift; path = BindableType.swift; sourceTree = "<group>"; };
		774C65F720E5F11200DA4CF9 /* LocationsListViewModel.swift */ = {isa = PBXFileReference; lastKnownFileType = sourcecode.swift; path = LocationsListViewModel.swift; sourceTree = "<group>"; };
		7767699620EDDB32009D4108 /* SingleLocationResponse.json */ = {isa = PBXFileReference; lastKnownFileType = text.json; path = SingleLocationResponse.json; sourceTree = "<group>"; };
		7767699A20EDE5B9009D4108 /* EmptyResponse.json */ = {isa = PBXFileReference; lastKnownFileType = text.json; path = EmptyResponse.json; sourceTree = "<group>"; };
		7767699C20EDE995009D4108 /* MapViewModelTests.swift */ = {isa = PBXFileReference; lastKnownFileType = sourcecode.swift; path = MapViewModelTests.swift; sourceTree = "<group>"; };
		7767699E20EDF481009D4108 /* ResultModelTests.swift */ = {isa = PBXFileReference; lastKnownFileType = sourcecode.swift; path = ResultModelTests.swift; sourceTree = "<group>"; };
		776769A220EDF813009D4108 /* InvalidResponse.json */ = {isa = PBXFileReference; lastKnownFileType = text.json; path = InvalidResponse.json; sourceTree = "<group>"; };
		776769A420EDF978009D4108 /* InvalidStatusResponse.json */ = {isa = PBXFileReference; lastKnownFileType = text.json; path = InvalidStatusResponse.json; sourceTree = "<group>"; };
		776769A620EDFA25009D4108 /* LocationModelTests.swift */ = {isa = PBXFileReference; lastKnownFileType = sourcecode.swift; path = LocationModelTests.swift; sourceTree = "<group>"; };
		776769AA20EDFA70009D4108 /* LocationResponse.json */ = {isa = PBXFileReference; lastKnownFileType = text.json; path = LocationResponse.json; sourceTree = "<group>"; };
		776769AC20EDFBF8009D4108 /* InvalidLocationResponse.json */ = {isa = PBXFileReference; lastKnownFileType = text.json; path = InvalidLocationResponse.json; sourceTree = "<group>"; };
		7786301220EB423F008953EE /* MessageView.swift */ = {isa = PBXFileReference; lastKnownFileType = sourcecode.swift; path = MessageView.swift; sourceTree = "<group>"; };
		778FABC620E95667006BBF3F /* MapViewModel.swift */ = {isa = PBXFileReference; lastKnownFileType = sourcecode.swift; path = MapViewModel.swift; sourceTree = "<group>"; };
		778FABC820E95689006BBF3F /* MapViewController.swift */ = {isa = PBXFileReference; lastKnownFileType = sourcecode.swift; path = MapViewController.swift; sourceTree = "<group>"; };
		7799745920E89B8F001F2E45 /* MultipleSectionModel.swift */ = {isa = PBXFileReference; lastKnownFileType = sourcecode.swift; path = MultipleSectionModel.swift; sourceTree = "<group>"; };
		7D9E9799BF8E3AB4E4815371 /* Pods_LocationFinderTests.framework */ = {isa = PBXFileReference; explicitFileType = wrapper.framework; includeInIndex = 0; path = Pods_LocationFinderTests.framework; sourceTree = BUILT_PRODUCTS_DIR; };
		D764E4590C41779664E5AAA1 /* Pods-LocationFinderTests.debug.xcconfig */ = {isa = PBXFileReference; includeInIndex = 1; lastKnownFileType = text.xcconfig; name = "Pods-LocationFinderTests.debug.xcconfig"; path = "Pods/Target Support Files/Pods-LocationFinderTests/Pods-LocationFinderTests.debug.xcconfig"; sourceTree = "<group>"; };
/* End PBXFileReference section */

/* Begin PBXFrameworksBuildPhase section */
		774C65B420E5E59C00DA4CF9 /* Frameworks */ = {
			isa = PBXFrameworksBuildPhase;
			buildActionMask = 2147483647;
			files = (
				B87E0FB82B06ECA18C1C6466 /* Pods_LocationFinder.framework in Frameworks */,
			);
			runOnlyForDeploymentPostprocessing = 0;
		};
		774C65C820E5E59D00DA4CF9 /* Frameworks */ = {
			isa = PBXFrameworksBuildPhase;
			buildActionMask = 2147483647;
			files = (
				EEA55E74114DAF7EBA6AFCE5 /* Pods_LocationFinderTests.framework in Frameworks */,
			);
			runOnlyForDeploymentPostprocessing = 0;
		};
/* End PBXFrameworksBuildPhase section */

/* Begin PBXGroup section */
		1B510B042487DB01FA23D4E8 /* Frameworks */ = {
			isa = PBXGroup;
			children = (
				093DD2D633F0615D9421488C /* Pods_LocationFinder.framework */,
				7D9E9799BF8E3AB4E4815371 /* Pods_LocationFinderTests.framework */,
			);
			name = Frameworks;
			sourceTree = "<group>";
		};
		612D70269102A27BA40A219B /* Pods */ = {
			isa = PBXGroup;
			children = (
				00A4B7C416778B9D867C4B0A /* Pods-LocationFinder.debug.xcconfig */,
				3058D2AB0F0865C919DD2681 /* Pods-LocationFinder.release.xcconfig */,
				D764E4590C41779664E5AAA1 /* Pods-LocationFinderTests.debug.xcconfig */,
				3FC2C6456E76D58309E406D4 /* Pods-LocationFinderTests.release.xcconfig */,
			);
			name = Pods;
			sourceTree = "<group>";
		};
		7705E78220E744B50045886F /* Model */ = {
			isa = PBXGroup;
			children = (
				772D7EB720EDA9E0002C40E1 /* CoreData */,
				7705E78820E74E5E0045886F /* StubbedResponse */,
				7705E78B20E7529A0045886F /* GoogleApiService.swift */,
				7799745920E89B8F001F2E45 /* MultipleSectionModel.swift */,
				772D7EB320ED3364002C40E1 /* Location.swift */,
			);
			path = Model;
			sourceTree = "<group>";
		};
		7705E78820E74E5E0045886F /* StubbedResponse */ = {
			isa = PBXGroup;
			children = (
				7705E78920E74E940045886F /* MultipleLocationResponse.json */,
				7767699620EDDB32009D4108 /* SingleLocationResponse.json */,
				7767699A20EDE5B9009D4108 /* EmptyResponse.json */,
				776769A220EDF813009D4108 /* InvalidResponse.json */,
				776769A420EDF978009D4108 /* InvalidStatusResponse.json */,
				776769AA20EDFA70009D4108 /* LocationResponse.json */,
				776769AC20EDFBF8009D4108 /* InvalidLocationResponse.json */,
			);
			path = StubbedResponse;
			sourceTree = "<group>";
		};
		772D7EB720EDA9E0002C40E1 /* CoreData */ = {
			isa = PBXGroup;
			children = (
				771AA5EE20ECAFFE002DE527 /* LocationCoreDataModel+CoreDataClass.swift */,
				771AA5EF20ECAFFE002DE527 /* LocationCoreDataModel+CoreDataProperties.swift */,
				771AA5EC20ECA319002DE527 /* CoreDataStack.swift */,
			);
			path = CoreData;
			sourceTree = "<group>";
		};
		772D7EB820EDAA08002C40E1 /* RxSwiftExt */ = {
			isa = PBXGroup;
			children = (
				772D7EB120ED2B74002C40E1 /* ObservableType+UIBarButton.swift */,
				772D7EB520ED34F1002C40E1 /* Observable+JSONAble.swift */,
			);
			path = RxSwiftExt;
			sourceTree = "<group>";
		};
		772D7EB920EDBD5C002C40E1 /* ViewModelTests */ = {
			isa = PBXGroup;
			children = (
				772D7EBA20EDBD7B002C40E1 /* LocationsListViewModelTests.swift */,
				7767699C20EDE995009D4108 /* MapViewModelTests.swift */,
				7767699E20EDF481009D4108 /* ResultModelTests.swift */,
				776769A620EDFA25009D4108 /* LocationModelTests.swift */,
			);
			path = ViewModelTests;
			sourceTree = "<group>";
		};
		774C65AE20E5E59C00DA4CF9 = {
			isa = PBXGroup;
			children = (
				774C65B920E5E59C00DA4CF9 /* LocationFinder */,
				774C65CE20E5E59D00DA4CF9 /* LocationFinderTests */,
				774C65B820E5E59C00DA4CF9 /* Products */,
				612D70269102A27BA40A219B /* Pods */,
				1B510B042487DB01FA23D4E8 /* Frameworks */,
			);
			sourceTree = "<group>";
		};
		774C65B820E5E59C00DA4CF9 /* Products */ = {
			isa = PBXGroup;
			children = (
				774C65B720E5E59C00DA4CF9 /* LocationFinder.app */,
				774C65CB20E5E59D00DA4CF9 /* LocationFinderTests.xctest */,
			);
			name = Products;
			sourceTree = "<group>";
		};
		774C65B920E5E59C00DA4CF9 /* LocationFinder */ = {
			isa = PBXGroup;
			children = (
				772D7EB820EDAA08002C40E1 /* RxSwiftExt */,
				7786301120EB4214008953EE /* View */,
				7705E78220E744B50045886F /* Model */,
				774C65DE20E5EF8000DA4CF9 /* Coordinator */,
				774C65DB20E5E82D00DA4CF9 /* ViewModel */,
				774C65DA20E5E81900DA4CF9 /* ViewControllers */,
				774C65BA20E5E59D00DA4CF9 /* AppDelegate.swift */,
				774C65BE20E5E59D00DA4CF9 /* Main.storyboard */,
				774C65C120E5E59D00DA4CF9 /* Assets.xcassets */,
				771AA5E520EC9795002DE527 /* LocationFinder.xcdatamodeld */,
				774C65C320E5E59D00DA4CF9 /* LaunchScreen.storyboard */,
				774C65C620E5E59D00DA4CF9 /* Info.plist */,
			);
			path = LocationFinder;
			sourceTree = "<group>";
		};
		774C65CE20E5E59D00DA4CF9 /* LocationFinderTests */ = {
			isa = PBXGroup;
			children = (
				772D7EB920EDBD5C002C40E1 /* ViewModelTests */,
				774C65CF20E5E59D00DA4CF9 /* LocationFinderTests.swift */,
				774C65D120E5E59D00DA4CF9 /* Info.plist */,
			);
			path = LocationFinderTests;
			sourceTree = "<group>";
		};
		774C65DA20E5E81900DA4CF9 /* ViewControllers */ = {
			isa = PBXGroup;
			children = (
				774C65DC20E5E84900DA4CF9 /* LocationsListViewController.swift */,
				778FABC820E95689006BBF3F /* MapViewController.swift */,
			);
			path = ViewControllers;
			sourceTree = "<group>";
		};
		774C65DB20E5E82D00DA4CF9 /* ViewModel */ = {
			isa = PBXGroup;
			children = (
				774C65F720E5F11200DA4CF9 /* LocationsListViewModel.swift */,
				778FABC620E95667006BBF3F /* MapViewModel.swift */,
			);
			path = ViewModel;
			sourceTree = "<group>";
		};
		774C65DE20E5EF8000DA4CF9 /* Coordinator */ = {
			isa = PBXGroup;
			children = (
				774C65EB20E5EFED00DA4CF9 /* Scene.swift */,
				774C65ED20E5F00700DA4CF9 /* SceneCoordinatorType.swift */,
				774C65EF20E5F02000DA4CF9 /* SceneCoordinator.swift */,
				774C65F120E5F03600DA4CF9 /* SceneTransitionType.swift */,
				774C65F320E5F0B200DA4CF9 /* Scene+ViewController.swift */,
				774C65F520E5F0CD00DA4CF9 /* BindableType.swift */,
			);
			path = Coordinator;
			sourceTree = "<group>";
		};
		7786301120EB4214008953EE /* View */ = {
			isa = PBXGroup;
			children = (
				7786301220EB423F008953EE /* MessageView.swift */,
			);
			path = View;
			sourceTree = "<group>";
		};
/* End PBXGroup section */

/* Begin PBXNativeTarget section */
		774C65B620E5E59C00DA4CF9 /* LocationFinder */ = {
			isa = PBXNativeTarget;
			buildConfigurationList = 774C65D420E5E59D00DA4CF9 /* Build configuration list for PBXNativeTarget "LocationFinder" */;
			buildPhases = (
				7674605584CBD82F6B26B081 /* [CP] Check Pods Manifest.lock */,
				774C65B320E5E59C00DA4CF9 /* Sources */,
				774C65B420E5E59C00DA4CF9 /* Frameworks */,
				774C65B520E5E59C00DA4CF9 /* Resources */,
				0C1593063A4E06B8790FD1B9 /* [CP] Embed Pods Frameworks */,
				36AE62AB219A7F5B7EDE707D /* [CP] Copy Pods Resources */,
			);
			buildRules = (
			);
			dependencies = (
			);
			name = LocationFinder;
			productName = LocationFinder;
			productReference = 774C65B720E5E59C00DA4CF9 /* LocationFinder.app */;
			productType = "com.apple.product-type.application";
		};
		774C65CA20E5E59D00DA4CF9 /* LocationFinderTests */ = {
			isa = PBXNativeTarget;
			buildConfigurationList = 774C65D720E5E59D00DA4CF9 /* Build configuration list for PBXNativeTarget "LocationFinderTests" */;
			buildPhases = (
				96D1CBC32CBF3346E3D64B66 /* [CP] Check Pods Manifest.lock */,
				774C65C720E5E59D00DA4CF9 /* Sources */,
				774C65C820E5E59D00DA4CF9 /* Frameworks */,
				774C65C920E5E59D00DA4CF9 /* Resources */,
				A417893D735F038D52A8CE3C /* [CP] Embed Pods Frameworks */,
				FDD512C685B9D57E51C86F78 /* [CP] Copy Pods Resources */,
			);
			buildRules = (
			);
			dependencies = (
				774C65CD20E5E59D00DA4CF9 /* PBXTargetDependency */,
			);
			name = LocationFinderTests;
			productName = LocationFinderTests;
			productReference = 774C65CB20E5E59D00DA4CF9 /* LocationFinderTests.xctest */;
			productType = "com.apple.product-type.bundle.unit-test";
		};
/* End PBXNativeTarget section */

/* Begin PBXProject section */
		774C65AF20E5E59C00DA4CF9 /* Project object */ = {
			isa = PBXProject;
			attributes = {
				LastSwiftUpdateCheck = 0920;
				LastUpgradeCheck = 0920;
				ORGANIZATIONNAME = karthick;
				TargetAttributes = {
					774C65B620E5E59C00DA4CF9 = {
						CreatedOnToolsVersion = 9.2;
						ProvisioningStyle = Automatic;
					};
					774C65CA20E5E59D00DA4CF9 = {
						CreatedOnToolsVersion = 9.2;
						ProvisioningStyle = Automatic;
						TestTargetID = 774C65B620E5E59C00DA4CF9;
					};
				};
			};
			buildConfigurationList = 774C65B220E5E59C00DA4CF9 /* Build configuration list for PBXProject "LocationFinder" */;
			compatibilityVersion = "Xcode 8.0";
			developmentRegion = en;
			hasScannedForEncodings = 0;
			knownRegions = (
				en,
				Base,
			);
			mainGroup = 774C65AE20E5E59C00DA4CF9;
			productRefGroup = 774C65B820E5E59C00DA4CF9 /* Products */;
			projectDirPath = "";
			projectRoot = "";
			targets = (
				774C65B620E5E59C00DA4CF9 /* LocationFinder */,
				774C65CA20E5E59D00DA4CF9 /* LocationFinderTests */,
			);
		};
/* End PBXProject section */

/* Begin PBXResourcesBuildPhase section */
		774C65B520E5E59C00DA4CF9 /* Resources */ = {
			isa = PBXResourcesBuildPhase;
			buildActionMask = 2147483647;
			files = (
				7767699B20EDE5B9009D4108 /* EmptyResponse.json in Resources */,
				774C65C520E5E59D00DA4CF9 /* LaunchScreen.storyboard in Resources */,
				774C65C220E5E59D00DA4CF9 /* Assets.xcassets in Resources */,
				776769AB20EDFA70009D4108 /* LocationResponse.json in Resources */,
				7705E78A20E74E940045886F /* MultipleLocationResponse.json in Resources */,
				776769AD20EDFBF8009D4108 /* InvalidLocationResponse.json in Resources */,
				774C65C020E5E59D00DA4CF9 /* Main.storyboard in Resources */,
				776769A320EDF813009D4108 /* InvalidResponse.json in Resources */,
				7767699720EDDB32009D4108 /* SingleLocationResponse.json in Resources */,
				776769A520EDF978009D4108 /* InvalidStatusResponse.json in Resources */,
			);
			runOnlyForDeploymentPostprocessing = 0;
		};
		774C65C920E5E59D00DA4CF9 /* Resources */ = {
			isa = PBXResourcesBuildPhase;
			buildActionMask = 2147483647;
			files = (
			);
			runOnlyForDeploymentPostprocessing = 0;
		};
/* End PBXResourcesBuildPhase section */

/* Begin PBXShellScriptBuildPhase section */
		0C1593063A4E06B8790FD1B9 /* [CP] Embed Pods Frameworks */ = {
			isa = PBXShellScriptBuildPhase;
			buildActionMask = 2147483647;
			files = (
			);
			inputPaths = (
				"${SRCROOT}/Pods/Target Support Files/Pods-LocationFinder/Pods-LocationFinder-frameworks.sh",
				"${BUILT_PRODUCTS_DIR}/Action/Action.framework",
				"${BUILT_PRODUCTS_DIR}/Alamofire/Alamofire.framework",
				"${BUILT_PRODUCTS_DIR}/Differentiator/Differentiator.framework",
				"${BUILT_PRODUCTS_DIR}/ModelMapper/Mapper.framework",
				"${BUILT_PRODUCTS_DIR}/Moya/Moya.framework",
				"${BUILT_PRODUCTS_DIR}/Moya-ModelMapper/Moya_ModelMapper.framework",
				"${BUILT_PRODUCTS_DIR}/Result/Result.framework",
				"${BUILT_PRODUCTS_DIR}/RxCocoa/RxCocoa.framework",
				"${BUILT_PRODUCTS_DIR}/RxDataSources/RxDataSources.framework",
				"${BUILT_PRODUCTS_DIR}/RxMKMapView/RxMKMapView.framework",
				"${BUILT_PRODUCTS_DIR}/RxSwift/RxSwift.framework",
				"${BUILT_PRODUCTS_DIR}/SwiftyJSON/SwiftyJSON.framework",
			);
			name = "[CP] Embed Pods Frameworks";
			outputPaths = (
				"${TARGET_BUILD_DIR}/${FRAMEWORKS_FOLDER_PATH}/Action.framework",
				"${TARGET_BUILD_DIR}/${FRAMEWORKS_FOLDER_PATH}/Alamofire.framework",
				"${TARGET_BUILD_DIR}/${FRAMEWORKS_FOLDER_PATH}/Differentiator.framework",
				"${TARGET_BUILD_DIR}/${FRAMEWORKS_FOLDER_PATH}/Mapper.framework",
				"${TARGET_BUILD_DIR}/${FRAMEWORKS_FOLDER_PATH}/Moya.framework",
				"${TARGET_BUILD_DIR}/${FRAMEWORKS_FOLDER_PATH}/Moya_ModelMapper.framework",
				"${TARGET_BUILD_DIR}/${FRAMEWORKS_FOLDER_PATH}/Result.framework",
				"${TARGET_BUILD_DIR}/${FRAMEWORKS_FOLDER_PATH}/RxCocoa.framework",
				"${TARGET_BUILD_DIR}/${FRAMEWORKS_FOLDER_PATH}/RxDataSources.framework",
				"${TARGET_BUILD_DIR}/${FRAMEWORKS_FOLDER_PATH}/RxMKMapView.framework",
				"${TARGET_BUILD_DIR}/${FRAMEWORKS_FOLDER_PATH}/RxSwift.framework",
				"${TARGET_BUILD_DIR}/${FRAMEWORKS_FOLDER_PATH}/SwiftyJSON.framework",
			);
			runOnlyForDeploymentPostprocessing = 0;
			shellPath = /bin/sh;
			shellScript = "\"${SRCROOT}/Pods/Target Support Files/Pods-LocationFinder/Pods-LocationFinder-frameworks.sh\"\n";
			showEnvVarsInLog = 0;
		};
		36AE62AB219A7F5B7EDE707D /* [CP] Copy Pods Resources */ = {
			isa = PBXShellScriptBuildPhase;
			buildActionMask = 2147483647;
			files = (
			);
			inputPaths = (
			);
			name = "[CP] Copy Pods Resources";
			outputPaths = (
			);
			runOnlyForDeploymentPostprocessing = 0;
			shellPath = /bin/sh;
			shellScript = "\"${SRCROOT}/Pods/Target Support Files/Pods-LocationFinder/Pods-LocationFinder-resources.sh\"\n";
			showEnvVarsInLog = 0;
		};
		7674605584CBD82F6B26B081 /* [CP] Check Pods Manifest.lock */ = {
			isa = PBXShellScriptBuildPhase;
			buildActionMask = 2147483647;
			files = (
			);
			inputPaths = (
				"${PODS_PODFILE_DIR_PATH}/Podfile.lock",
				"${PODS_ROOT}/Manifest.lock",
			);
			name = "[CP] Check Pods Manifest.lock";
			outputPaths = (
				"$(DERIVED_FILE_DIR)/Pods-LocationFinder-checkManifestLockResult.txt",
			);
			runOnlyForDeploymentPostprocessing = 0;
			shellPath = /bin/sh;
			shellScript = "diff \"${PODS_PODFILE_DIR_PATH}/Podfile.lock\" \"${PODS_ROOT}/Manifest.lock\" > /dev/null\nif [ $? != 0 ] ; then\n    # print error to STDERR\n    echo \"error: The sandbox is not in sync with the Podfile.lock. Run 'pod install' or update your CocoaPods installation.\" >&2\n    exit 1\nfi\n# This output is used by Xcode 'outputs' to avoid re-running this script phase.\necho \"SUCCESS\" > \"${SCRIPT_OUTPUT_FILE_0}\"\n";
			showEnvVarsInLog = 0;
		};
		96D1CBC32CBF3346E3D64B66 /* [CP] Check Pods Manifest.lock */ = {
			isa = PBXShellScriptBuildPhase;
			buildActionMask = 2147483647;
			files = (
			);
			inputPaths = (
				"${PODS_PODFILE_DIR_PATH}/Podfile.lock",
				"${PODS_ROOT}/Manifest.lock",
			);
			name = "[CP] Check Pods Manifest.lock";
			outputPaths = (
				"$(DERIVED_FILE_DIR)/Pods-LocationFinderTests-checkManifestLockResult.txt",
			);
			runOnlyForDeploymentPostprocessing = 0;
			shellPath = /bin/sh;
			shellScript = "diff \"${PODS_PODFILE_DIR_PATH}/Podfile.lock\" \"${PODS_ROOT}/Manifest.lock\" > /dev/null\nif [ $? != 0 ] ; then\n    # print error to STDERR\n    echo \"error: The sandbox is not in sync with the Podfile.lock. Run 'pod install' or update your CocoaPods installation.\" >&2\n    exit 1\nfi\n# This output is used by Xcode 'outputs' to avoid re-running this script phase.\necho \"SUCCESS\" > \"${SCRIPT_OUTPUT_FILE_0}\"\n";
			showEnvVarsInLog = 0;
		};
		A417893D735F038D52A8CE3C /* [CP] Embed Pods Frameworks */ = {
			isa = PBXShellScriptBuildPhase;
			buildActionMask = 2147483647;
			files = (
			);
			inputPaths = (
				"${SRCROOT}/Pods/Target Support Files/Pods-LocationFinderTests/Pods-LocationFinderTests-frameworks.sh",
				"${BUILT_PRODUCTS_DIR}/RxSwift/RxSwift.framework",
				"${BUILT_PRODUCTS_DIR}/RxBlocking/RxBlocking.framework",
				"${BUILT_PRODUCTS_DIR}/RxTest/RxTest.framework",
			);
			name = "[CP] Embed Pods Frameworks";
			outputPaths = (
				"${TARGET_BUILD_DIR}/${FRAMEWORKS_FOLDER_PATH}/RxSwift.framework",
				"${TARGET_BUILD_DIR}/${FRAMEWORKS_FOLDER_PATH}/RxBlocking.framework",
				"${TARGET_BUILD_DIR}/${FRAMEWORKS_FOLDER_PATH}/RxTest.framework",
			);
			runOnlyForDeploymentPostprocessing = 0;
			shellPath = /bin/sh;
			shellScript = "\"${SRCROOT}/Pods/Target Support Files/Pods-LocationFinderTests/Pods-LocationFinderTests-frameworks.sh\"\n";
			showEnvVarsInLog = 0;
		};
		FDD512C685B9D57E51C86F78 /* [CP] Copy Pods Resources */ = {
			isa = PBXShellScriptBuildPhase;
			buildActionMask = 2147483647;
			files = (
			);
			inputPaths = (
			);
			name = "[CP] Copy Pods Resources";
			outputPaths = (
			);
			runOnlyForDeploymentPostprocessing = 0;
			shellPath = /bin/sh;
			shellScript = "\"${SRCROOT}/Pods/Target Support Files/Pods-LocationFinderTests/Pods-LocationFinderTests-resources.sh\"\n";
			showEnvVarsInLog = 0;
		};
/* End PBXShellScriptBuildPhase section */

/* Begin PBXSourcesBuildPhase section */
		774C65B320E5E59C00DA4CF9 /* Sources */ = {
			isa = PBXSourcesBuildPhase;
			buildActionMask = 2147483647;
			files = (
				774C65F620E5F0CD00DA4CF9 /* BindableType.swift in Sources */,
				771AA5F120ECAFFE002DE527 /* LocationCoreDataModel+CoreDataProperties.swift in Sources */,
				774C65DD20E5E84900DA4CF9 /* LocationsListViewController.swift in Sources */,
				774C65F420E5F0B200DA4CF9 /* Scene+ViewController.swift in Sources */,
				772D7EB220ED2B74002C40E1 /* ObservableType+UIBarButton.swift in Sources */,
				7799745A20E89B8F001F2E45 /* MultipleSectionModel.swift in Sources */,
				774C65F020E5F02000DA4CF9 /* SceneCoordinator.swift in Sources */,
				772D7EB620ED34F1002C40E1 /* Observable+JSONAble.swift in Sources */,
				771AA5E720EC9795002DE527 /* LocationFinder.xcdatamodeld in Sources */,
				7705E78C20E7529B0045886F /* GoogleApiService.swift in Sources */,
				774C65EE20E5F00700DA4CF9 /* SceneCoordinatorType.swift in Sources */,
				774C65F820E5F11200DA4CF9 /* LocationsListViewModel.swift in Sources */,
				771AA5F020ECAFFE002DE527 /* LocationCoreDataModel+CoreDataClass.swift in Sources */,
				772D7EB420ED3364002C40E1 /* Location.swift in Sources */,
				774C65BB20E5E59D00DA4CF9 /* AppDelegate.swift in Sources */,
				774C65EC20E5EFED00DA4CF9 /* Scene.swift in Sources */,
				778FABC720E95667006BBF3F /* MapViewModel.swift in Sources */,
				7786301320EB423F008953EE /* MessageView.swift in Sources */,
				771AA5ED20ECA319002DE527 /* CoreDataStack.swift in Sources */,
				774C65F220E5F03600DA4CF9 /* SceneTransitionType.swift in Sources */,
				778FABC920E95689006BBF3F /* MapViewController.swift in Sources */,
			);
			runOnlyForDeploymentPostprocessing = 0;
		};
		774C65C720E5E59D00DA4CF9 /* Sources */ = {
			isa = PBXSourcesBuildPhase;
			buildActionMask = 2147483647;
			files = (
				7767699F20EDF481009D4108 /* ResultModelTests.swift in Sources */,
				774C65D020E5E59D00DA4CF9 /* LocationFinderTests.swift in Sources */,
				7767699D20EDE995009D4108 /* MapViewModelTests.swift in Sources */,
				776769A720EDFA25009D4108 /* LocationModelTests.swift in Sources */,
				772D7EBB20EDBD7B002C40E1 /* LocationsListViewModelTests.swift in Sources */,
			);
			runOnlyForDeploymentPostprocessing = 0;
		};
/* End PBXSourcesBuildPhase section */

/* Begin PBXTargetDependency section */
		774C65CD20E5E59D00DA4CF9 /* PBXTargetDependency */ = {
			isa = PBXTargetDependency;
			target = 774C65B620E5E59C00DA4CF9 /* LocationFinder */;
			targetProxy = 774C65CC20E5E59D00DA4CF9 /* PBXContainerItemProxy */;
		};
/* End PBXTargetDependency section */

/* Begin PBXVariantGroup section */
		774C65BE20E5E59D00DA4CF9 /* Main.storyboard */ = {
			isa = PBXVariantGroup;
			children = (
				774C65BF20E5E59D00DA4CF9 /* Base */,
			);
			name = Main.storyboard;
			sourceTree = "<group>";
		};
		774C65C320E5E59D00DA4CF9 /* LaunchScreen.storyboard */ = {
			isa = PBXVariantGroup;
			children = (
				774C65C420E5E59D00DA4CF9 /* Base */,
			);
			name = LaunchScreen.storyboard;
			sourceTree = "<group>";
		};
/* End PBXVariantGroup section */

/* Begin XCBuildConfiguration section */
		774C65D220E5E59D00DA4CF9 /* Debug */ = {
			isa = XCBuildConfiguration;
			buildSettings = {
				ALWAYS_SEARCH_USER_PATHS = NO;
				CLANG_ANALYZER_NONNULL = YES;
				CLANG_ANALYZER_NUMBER_OBJECT_CONVERSION = YES_AGGRESSIVE;
				CLANG_CXX_LANGUAGE_STANDARD = "gnu++14";
				CLANG_CXX_LIBRARY = "libc++";
				CLANG_ENABLE_MODULES = YES;
				CLANG_ENABLE_OBJC_ARC = YES;
				CLANG_WARN_BLOCK_CAPTURE_AUTORELEASING = YES;
				CLANG_WARN_BOOL_CONVERSION = YES;
				CLANG_WARN_COMMA = YES;
				CLANG_WARN_CONSTANT_CONVERSION = YES;
				CLANG_WARN_DIRECT_OBJC_ISA_USAGE = YES_ERROR;
				CLANG_WARN_DOCUMENTATION_COMMENTS = YES;
				CLANG_WARN_EMPTY_BODY = YES;
				CLANG_WARN_ENUM_CONVERSION = YES;
				CLANG_WARN_INFINITE_RECURSION = YES;
				CLANG_WARN_INT_CONVERSION = YES;
				CLANG_WARN_NON_LITERAL_NULL_CONVERSION = YES;
				CLANG_WARN_OBJC_LITERAL_CONVERSION = YES;
				CLANG_WARN_OBJC_ROOT_CLASS = YES_ERROR;
				CLANG_WARN_RANGE_LOOP_ANALYSIS = YES;
				CLANG_WARN_STRICT_PROTOTYPES = YES;
				CLANG_WARN_SUSPICIOUS_MOVE = YES;
				CLANG_WARN_UNGUARDED_AVAILABILITY = YES_AGGRESSIVE;
				CLANG_WARN_UNREACHABLE_CODE = YES;
				CLANG_WARN__DUPLICATE_METHOD_MATCH = YES;
				CODE_SIGN_IDENTITY = "iPhone Developer";
				COPY_PHASE_STRIP = NO;
				DEBUG_INFORMATION_FORMAT = dwarf;
				ENABLE_STRICT_OBJC_MSGSEND = YES;
				ENABLE_TESTABILITY = YES;
				GCC_C_LANGUAGE_STANDARD = gnu11;
				GCC_DYNAMIC_NO_PIC = NO;
				GCC_NO_COMMON_BLOCKS = YES;
				GCC_OPTIMIZATION_LEVEL = 0;
				GCC_PREPROCESSOR_DEFINITIONS = (
					"DEBUG=1",
					"$(inherited)",
				);
				GCC_WARN_64_TO_32_BIT_CONVERSION = YES;
				GCC_WARN_ABOUT_RETURN_TYPE = YES_ERROR;
				GCC_WARN_UNDECLARED_SELECTOR = YES;
				GCC_WARN_UNINITIALIZED_AUTOS = YES_AGGRESSIVE;
				GCC_WARN_UNUSED_FUNCTION = YES;
				GCC_WARN_UNUSED_VARIABLE = YES;
				IPHONEOS_DEPLOYMENT_TARGET = 10.0;
				MTL_ENABLE_DEBUG_INFO = YES;
				ONLY_ACTIVE_ARCH = YES;
				SDKROOT = iphoneos;
				SWIFT_ACTIVE_COMPILATION_CONDITIONS = DEBUG;
				SWIFT_OPTIMIZATION_LEVEL = "-Onone";
			};
			name = Debug;
		};
		774C65D320E5E59D00DA4CF9 /* Release */ = {
			isa = XCBuildConfiguration;
			buildSettings = {
				ALWAYS_SEARCH_USER_PATHS = NO;
				CLANG_ANALYZER_NONNULL = YES;
				CLANG_ANALYZER_NUMBER_OBJECT_CONVERSION = YES_AGGRESSIVE;
				CLANG_CXX_LANGUAGE_STANDARD = "gnu++14";
				CLANG_CXX_LIBRARY = "libc++";
				CLANG_ENABLE_MODULES = YES;
				CLANG_ENABLE_OBJC_ARC = YES;
				CLANG_WARN_BLOCK_CAPTURE_AUTORELEASING = YES;
				CLANG_WARN_BOOL_CONVERSION = YES;
				CLANG_WARN_COMMA = YES;
				CLANG_WARN_CONSTANT_CONVERSION = YES;
				CLANG_WARN_DIRECT_OBJC_ISA_USAGE = YES_ERROR;
				CLANG_WARN_DOCUMENTATION_COMMENTS = YES;
				CLANG_WARN_EMPTY_BODY = YES;
				CLANG_WARN_ENUM_CONVERSION = YES;
				CLANG_WARN_INFINITE_RECURSION = YES;
				CLANG_WARN_INT_CONVERSION = YES;
				CLANG_WARN_NON_LITERAL_NULL_CONVERSION = YES;
				CLANG_WARN_OBJC_LITERAL_CONVERSION = YES;
				CLANG_WARN_OBJC_ROOT_CLASS = YES_ERROR;
				CLANG_WARN_RANGE_LOOP_ANALYSIS = YES;
				CLANG_WARN_STRICT_PROTOTYPES = YES;
				CLANG_WARN_SUSPICIOUS_MOVE = YES;
				CLANG_WARN_UNGUARDED_AVAILABILITY = YES_AGGRESSIVE;
				CLANG_WARN_UNREACHABLE_CODE = YES;
				CLANG_WARN__DUPLICATE_METHOD_MATCH = YES;
				CODE_SIGN_IDENTITY = "iPhone Developer";
				COPY_PHASE_STRIP = NO;
				DEBUG_INFORMATION_FORMAT = "dwarf-with-dsym";
				ENABLE_NS_ASSERTIONS = NO;
				ENABLE_STRICT_OBJC_MSGSEND = YES;
				GCC_C_LANGUAGE_STANDARD = gnu11;
				GCC_NO_COMMON_BLOCKS = YES;
				GCC_WARN_64_TO_32_BIT_CONVERSION = YES;
				GCC_WARN_ABOUT_RETURN_TYPE = YES_ERROR;
				GCC_WARN_UNDECLARED_SELECTOR = YES;
				GCC_WARN_UNINITIALIZED_AUTOS = YES_AGGRESSIVE;
				GCC_WARN_UNUSED_FUNCTION = YES;
				GCC_WARN_UNUSED_VARIABLE = YES;
				IPHONEOS_DEPLOYMENT_TARGET = 10.0;
				MTL_ENABLE_DEBUG_INFO = NO;
				SDKROOT = iphoneos;
				SWIFT_OPTIMIZATION_LEVEL = "-Owholemodule";
				VALIDATE_PRODUCT = YES;
			};
			name = Release;
		};
		774C65D520E5E59D00DA4CF9 /* Debug */ = {
			isa = XCBuildConfiguration;
			baseConfigurationReference = 00A4B7C416778B9D867C4B0A /* Pods-LocationFinder.debug.xcconfig */;
			buildSettings = {
				ASSETCATALOG_COMPILER_APPICON_NAME = AppIcon;
				CODE_SIGN_STYLE = Automatic;
				DEVELOPMENT_TEAM = ZVJBSAHD5K;
				INFOPLIST_FILE = LocationFinder/Info.plist;
				LD_RUNPATH_SEARCH_PATHS = "$(inherited) @executable_path/Frameworks";
				PRODUCT_BUNDLE_IDENTIFIER = com.karthick.LocationFinder;
				PRODUCT_NAME = "$(TARGET_NAME)";
				SWIFT_VERSION = 4.0;
				TARGETED_DEVICE_FAMILY = "1,2";
			};
			name = Debug;
		};
		774C65D620E5E59D00DA4CF9 /* Release */ = {
			isa = XCBuildConfiguration;
			baseConfigurationReference = 3058D2AB0F0865C919DD2681 /* Pods-LocationFinder.release.xcconfig */;
			buildSettings = {
				ASSETCATALOG_COMPILER_APPICON_NAME = AppIcon;
				CODE_SIGN_STYLE = Automatic;
				DEVELOPMENT_TEAM = ZVJBSAHD5K;
				INFOPLIST_FILE = LocationFinder/Info.plist;
				LD_RUNPATH_SEARCH_PATHS = "$(inherited) @executable_path/Frameworks";
				PRODUCT_BUNDLE_IDENTIFIER = com.karthick.LocationFinder;
				PRODUCT_NAME = "$(TARGET_NAME)";
				SWIFT_VERSION = 4.0;
				TARGETED_DEVICE_FAMILY = "1,2";
			};
			name = Release;
		};
		774C65D820E5E59D00DA4CF9 /* Debug */ = {
			isa = XCBuildConfiguration;
			baseConfigurationReference = D764E4590C41779664E5AAA1 /* Pods-LocationFinderTests.debug.xcconfig */;
			buildSettings = {
				ALWAYS_EMBED_SWIFT_STANDARD_LIBRARIES = YES;
				BUNDLE_LOADER = "$(TEST_HOST)";
				CODE_SIGN_STYLE = Automatic;
				INFOPLIST_FILE = LocationFinderTests/Info.plist;
				LD_RUNPATH_SEARCH_PATHS = "$(inherited) @executable_path/Frameworks @loader_path/Frameworks";
				PRODUCT_BUNDLE_IDENTIFIER = com.karthick.LocationFinderTests;
				PRODUCT_NAME = "$(TARGET_NAME)";
				SWIFT_VERSION = 4.0;
				TARGETED_DEVICE_FAMILY = "1,2";
				TEST_HOST = "$(BUILT_PRODUCTS_DIR)/LocationFinder.app/LocationFinder";
			};
			name = Debug;
		};
		774C65D920E5E59D00DA4CF9 /* Release */ = {
			isa = XCBuildConfiguration;
			baseConfigurationReference = 3FC2C6456E76D58309E406D4 /* Pods-LocationFinderTests.release.xcconfig */;
			buildSettings = {
				ALWAYS_EMBED_SWIFT_STANDARD_LIBRARIES = YES;
				BUNDLE_LOADER = "$(TEST_HOST)";
				CODE_SIGN_STYLE = Automatic;
				INFOPLIST_FILE = LocationFinderTests/Info.plist;
				LD_RUNPATH_SEARCH_PATHS = "$(inherited) @executable_path/Frameworks @loader_path/Frameworks";
				PRODUCT_BUNDLE_IDENTIFIER = com.karthick.LocationFinderTests;
				PRODUCT_NAME = "$(TARGET_NAME)";
				SWIFT_VERSION = 4.0;
				TARGETED_DEVICE_FAMILY = "1,2";
				TEST_HOST = "$(BUILT_PRODUCTS_DIR)/LocationFinder.app/LocationFinder";
			};
			name = Release;
		};
/* End XCBuildConfiguration section */

/* Begin XCConfigurationList section */
		774C65B220E5E59C00DA4CF9 /* Build configuration list for PBXProject "LocationFinder" */ = {
			isa = XCConfigurationList;
			buildConfigurations = (
				774C65D220E5E59D00DA4CF9 /* Debug */,
				774C65D320E5E59D00DA4CF9 /* Release */,
			);
			defaultConfigurationIsVisible = 0;
			defaultConfigurationName = Release;
		};
		774C65D420E5E59D00DA4CF9 /* Build configuration list for PBXNativeTarget "LocationFinder" */ = {
			isa = XCConfigurationList;
			buildConfigurations = (
				774C65D520E5E59D00DA4CF9 /* Debug */,
				774C65D620E5E59D00DA4CF9 /* Release */,
			);
			defaultConfigurationIsVisible = 0;
			defaultConfigurationName = Release;
		};
		774C65D720E5E59D00DA4CF9 /* Build configuration list for PBXNativeTarget "LocationFinderTests" */ = {
			isa = XCConfigurationList;
			buildConfigurations = (
				774C65D820E5E59D00DA4CF9 /* Debug */,
				774C65D920E5E59D00DA4CF9 /* Release */,
			);
			defaultConfigurationIsVisible = 0;
			defaultConfigurationName = Release;
		};
/* End XCConfigurationList section */

/* Begin XCVersionGroup section */
		771AA5E520EC9795002DE527 /* LocationFinder.xcdatamodeld */ = {
			isa = XCVersionGroup;
			children = (
				771AA5E620EC9795002DE527 /* LocationFinder.xcdatamodel */,
			);
			currentVersion = 771AA5E620EC9795002DE527 /* LocationFinder.xcdatamodel */;
			path = LocationFinder.xcdatamodeld;
			sourceTree = "<group>";
			versionGroupType = wrapper.xcdatamodel;
		};
/* End XCVersionGroup section */
	};
	rootObject = 774C65AF20E5E59C00DA4CF9 /* Project object */;
}
